
Microsoft Visual Studio Solution File, Format Version 12.00
# Visual Studio Version 17
VisualStudioVersion = 17.7.34031.279
MinimumVisualStudioVersion = 10.0.40219.1
Project("{FAE04EC0-301F-11D3-BF4B-00C04F79EFBC}") = "Assignment2cheesegame", "Assignment2cheesegame.csproj", "{B8507E6E-E76F-4D21-BB34-293288A9381B}"
EndProject
Global
	GlobalSection(SolutionConfigurationPlatforms) = preSolution
		Debug|Any CPU = Debug|Any CPU
		Release|Any CPU = Release|Any CPU
	EndGlobalSection
	GlobalSection(ProjectConfigurationPlatforms) = postSolution
		{B8507E6E-E76F-4D21-BB34-293288A9381B}.Debug|Any CPU.ActiveCfg = Debug|Any CPU
		{B8507E6E-E76F-4D21-BB34-293288A9381B}.Debug|Any CPU.Build.0 = Debug|Any CPU
		{B8507E6E-E76F-4D21-BB34-293288A9381B}.Release|Any CPU.ActiveCfg = Release|Any CPU
		{B8507E6E-E76F-4D21-BB34-293288A9381B}.Release|Any CPU.Build.0 = Release|Any CPU
	EndGlobalSection
	GlobalSection(SolutionProperties) = preSolution
		HideSolutionNode = FALSE
	EndGlobalSection
	GlobalSection(ExtensibilityGlobals) = postSolution
		SolutionGuid = {BDCC5055-ED49-4488-B84B-F4F9DEF74639}
	EndGlobalSection
EndGlobal
